
Microsoft Visual Studio Solution File, Format Version 12.00
# Visual Studio Version 17
VisualStudioVersion = 17.13.35818.85 d17.13
MinimumVisualStudioVersion = 10.0.40219.1
Project("{FAE04EC0-301F-11D3-BF4B-00C04F79EFBC}") = "LopyBackendWebApp", "LopyBackendWebApp\LopyBackendWebApp.csproj", "{890E67E4-9572-4AC8-A3F7-67E6E16DEF76}"
EndProject
Global
	GlobalSection(SolutionConfigurationPlatforms) = preSolution
		Debug|Any CPU = Debug|Any CPU
		Release|Any CPU = Release|Any CPU
	EndGlobalSection
	GlobalSection(ProjectConfigurationPlatforms) = postSolution
		{890E67E4-9572-4AC8-A3F7-67E6E16DEF76}.Debug|Any CPU.ActiveCfg = Debug|Any CPU
		{890E67E4-9572-4AC8-A3F7-67E6E16DEF76}.Debug|Any CPU.Build.0 = Debug|Any CPU
		{890E67E4-9572-4AC8-A3F7-67E6E16DEF76}.Release|Any CPU.ActiveCfg = Release|Any CPU
		{890E67E4-9572-4AC8-A3F7-67E6E16DEF76}.Release|Any CPU.Build.0 = Release|Any CPU
	EndGlobalSection
	GlobalSection(SolutionProperties) = preSolution
		HideSolutionNode = FALSE
	EndGlobalSection
	GlobalSection(ExtensibilityGlobals) = postSolution
		SolutionGuid = {7BA374BC-A953-4D00-AF80-7D174ABBAB9D}
	EndGlobalSection
EndGlobal
